
Microsoft Visual Studio Solution File, Format Version 12.00
# Visual Studio 14
VisualStudioVersion = 14.0.25420.1
MinimumVisualStudioVersion = 10.0.40219.1
Project("{FAE04EC0-301F-11D3-BF4B-00C04F79EFBC}") = "ArraySorter", "ArraySorter\ArraySorter.csproj", "{1B62604F-EE39-434D-BE48-E7FE63F881FB}"
EndProject
Project("{FAE04EC0-301F-11D3-BF4B-00C04F79EFBC}") = "ArraySorter.Tests", "ArraySorter.Tests\ArraySorter.Tests.csproj", "{77EDDC2C-E415-44A6-AE03-738EC33F4783}"
EndProject
Project("{FAE04EC0-301F-11D3-BF4B-00C04F79EFBC}") = "DoubleExtension", "DoubleExtension\DoubleExtension.csproj", "{7DE7BACB-0EA1-4FC0-AD10-FB31DAE12EDB}"
EndProject
Project("{FAE04EC0-301F-11D3-BF4B-00C04F79EFBC}") = "Customer", "Customer\Customer.csproj", "{BE9B5161-4E31-4BE4-812B-B13757320F6F}"
EndProject
Project("{FAE04EC0-301F-11D3-BF4B-00C04F79EFBC}") = "ConsoleApplication1", "ConsoleApplication1\ConsoleApplication1.csproj", "{F369CA15-7DE8-4DDF-91D2-BA86C32AB5A1}"
EndProject
Global
	GlobalSection(SolutionConfigurationPlatforms) = preSolution
		Debug|Any CPU = Debug|Any CPU
		Release|Any CPU = Release|Any CPU
	EndGlobalSection
	GlobalSection(ProjectConfigurationPlatforms) = postSolution
		{1B62604F-EE39-434D-BE48-E7FE63F881FB}.Debug|Any CPU.ActiveCfg = Debug|Any CPU
		{1B62604F-EE39-434D-BE48-E7FE63F881FB}.Debug|Any CPU.Build.0 = Debug|Any CPU
		{1B62604F-EE39-434D-BE48-E7FE63F881FB}.Release|Any CPU.ActiveCfg = Release|Any CPU
		{1B62604F-EE39-434D-BE48-E7FE63F881FB}.Release|Any CPU.Build.0 = Release|Any CPU
		{77EDDC2C-E415-44A6-AE03-738EC33F4783}.Debug|Any CPU.ActiveCfg = Debug|Any CPU
		{77EDDC2C-E415-44A6-AE03-738EC33F4783}.Debug|Any CPU.Build.0 = Debug|Any CPU
		{77EDDC2C-E415-44A6-AE03-738EC33F4783}.Release|Any CPU.ActiveCfg = Release|Any CPU
		{77EDDC2C-E415-44A6-AE03-738EC33F4783}.Release|Any CPU.Build.0 = Release|Any CPU
		{7DE7BACB-0EA1-4FC0-AD10-FB31DAE12EDB}.Debug|Any CPU.ActiveCfg = Debug|Any CPU
		{7DE7BACB-0EA1-4FC0-AD10-FB31DAE12EDB}.Debug|Any CPU.Build.0 = Debug|Any CPU
		{7DE7BACB-0EA1-4FC0-AD10-FB31DAE12EDB}.Release|Any CPU.ActiveCfg = Release|Any CPU
		{7DE7BACB-0EA1-4FC0-AD10-FB31DAE12EDB}.Release|Any CPU.Build.0 = Release|Any CPU
		{BE9B5161-4E31-4BE4-812B-B13757320F6F}.Debug|Any CPU.ActiveCfg = Debug|Any CPU
		{BE9B5161-4E31-4BE4-812B-B13757320F6F}.Debug|Any CPU.Build.0 = Debug|Any CPU
		{BE9B5161-4E31-4BE4-812B-B13757320F6F}.Release|Any CPU.ActiveCfg = Release|Any CPU
		{BE9B5161-4E31-4BE4-812B-B13757320F6F}.Release|Any CPU.Build.0 = Release|Any CPU
		{F369CA15-7DE8-4DDF-91D2-BA86C32AB5A1}.Debug|Any CPU.ActiveCfg = Debug|Any CPU
		{F369CA15-7DE8-4DDF-91D2-BA86C32AB5A1}.Debug|Any CPU.Build.0 = Debug|Any CPU
		{F369CA15-7DE8-4DDF-91D2-BA86C32AB5A1}.Release|Any CPU.ActiveCfg = Release|Any CPU
		{F369CA15-7DE8-4DDF-91D2-BA86C32AB5A1}.Release|Any CPU.Build.0 = Release|Any CPU
	EndGlobalSection
	GlobalSection(SolutionProperties) = preSolution
		HideSolutionNode = FALSE
	EndGlobalSection
EndGlobal
